<?xml version="1.0" encoding="utf-8"?>
<Project ToolsVersion="4.0" xmlns="http://schemas.microsoft.com/developer/msbuild/2003">
  <ItemGroup>
    <Filter Include="Sources">
      <UniqueIdentifier>{87a08ae8-a726-400a-a02a-4c0b2867176b}</UniqueIdentifier>
      <Extensions>c;cpp;cxx;c++</Extensions>
    </Filter>
    <Filter Include="Headers">
      <UniqueIdentifier>{411d4fd2-1145-4747-a251-1d8a5e8dc2da}</UniqueIdentifier>
      <Extensions>h;hpp;hxx;h++</Extensions>
    </Filter>
  </ItemGroup>
  <ItemGroup>
    <ClCompile Include="Context.cpp">
      <Filter>Sources</Filter>
    </ClCompile>
    <ClCompile Include="Game.cpp">
      <Filter>Sources</Filter>
    </ClCompile>
    <ClCompile Include="Graphics.cpp">
      <Filter>Sources</Filter>
    </ClCompile>
    <ClCompile Include="Hook.cpp">
      <Filter>Sources</Filter>
    </ClCompile>
    <ClCompile Include="Mutex.cpp">
      <Filter>Sources</Filter>
    </ClCompile>
    <ClCompile Include="Shader.cpp">
      <Filter>Sources</Filter>
    </ClCompile>
    <ClCompile Include="Texture.cpp">
      <Filter>Sources</Filter>
    </ClCompile>
    <ClCompile Include="utility.cpp">
      <Filter>Sources</Filter>
    </ClCompile>
    <ClCompile Include="Window.cpp">
      <Filter>Sources</Filter>
    </ClCompile>
    <ClCompile Include="Thread.cpp">
      <Filter>Sources</Filter>
    </ClCompile>
    <ClCompile Include="Timer.cpp">
      <Filter>Sources</Filter>
    </ClCompile>
    <ClCompile Include="Input.cpp">
      <Filter>Sources</Filter>
    </ClCompile>
  </ItemGroup>
  <ItemGroup>
    <ClInclude Include="Context.h">
      <Filter>Headers</Filter>
    </ClInclude>
    <ClInclude Include="Game.h">
      <Filter>Headers</Filter>
    </ClInclude>
    <ClInclude Include="Graphics.h">
      <Filter>Headers</Filter>
    </ClInclude>
    <ClInclude Include="Hook.h">
      <Filter>Headers</Filter>
    </ClInclude>
    <ClInclude Include="Mutex.h">
      <Filter>Headers</Filter>
    </ClInclude>
    <ClInclude Include="Shader.h">
      <Filter>Headers</Filter>
    </ClInclude>
    <ClInclude Include="Texture.h">
      <Filter>Headers</Filter>
    </ClInclude>
    <ClInclude Include="utility.h">
      <Filter>Headers</Filter>
    </ClInclude>
    <ClInclude Include="Window.h">
      <Filter>Headers</Filter>
    </ClInclude>
    <ClInclude Include="Thread.h">
      <Filter>Headers</Filter>
    </ClInclude>
    <ClInclude Include="Timer.h">
      <Filter>Headers</Filter>
    </ClInclude>
    <ClInclude Include="InputBinder.h">
      <Filter>Headers</Filter>
    </ClInclude>
    <ClInclude Include="Input.h">
      <Filter>Headers</Filter>
    </ClInclude>
  </ItemGroup>
</Project>